
Microsoft Visual Studio Solution File, Format Version 12.00
# Visual Studio Version 17
VisualStudioVersion = 17.3.32929.385
MinimumVisualStudioVersion = 10.0.40219.1
Project("{F2A71F9B-5D33-465A-A702-920D77279786}") = "WebApplication1", "WebApplication1.fsproj", "{6C693A6A-F1FF-4041-87EF-D69DA190C6AC}"
EndProject
Global
	GlobalSection(SolutionConfigurationPlatforms) = preSolution
		Debug|Any CPU = Debug|Any CPU
		Release|Any CPU = Release|Any CPU
	EndGlobalSection
	GlobalSection(ProjectConfigurationPlatforms) = postSolution
		{6C693A6A-F1FF-4041-87EF-D69DA190C6AC}.Debug|Any CPU.ActiveCfg = Debug|Any CPU
		{6C693A6A-F1FF-4041-87EF-D69DA190C6AC}.Debug|Any CPU.Build.0 = Debug|Any CPU
		{6C693A6A-F1FF-4041-87EF-D69DA190C6AC}.Release|Any CPU.ActiveCfg = Release|Any CPU
		{6C693A6A-F1FF-4041-87EF-D69DA190C6AC}.Release|Any CPU.Build.0 = Release|Any CPU
	EndGlobalSection
	GlobalSection(SolutionProperties) = preSolution
		HideSolutionNode = FALSE
	EndGlobalSection
	GlobalSection(ExtensibilityGlobals) = postSolution
		SolutionGuid = {DD4D8F94-D771-4BAD-8569-21C0592466D3}
	EndGlobalSection
EndGlobal
